
Microsoft Visual Studio Solution File, Format Version 12.00
# Visual Studio Version 17
VisualStudioVersion = 17.4.33213.308
MinimumVisualStudioVersion = 10.0.40219.1
Project("{FAE04EC0-301F-11D3-BF4B-00C04F79EFBC}") = "PDC03_MODULE03.Android", "PDC03_MODULE03\PDC03_MODULE03.Android\PDC03_MODULE03.Android.csproj", "{66CE2297-3122-406B-8D57-01A10D955F56}"
EndProject
Project("{FAE04EC0-301F-11D3-BF4B-00C04F79EFBC}") = "PDC03_MODULE03", "PDC03_MODULE03\PDC03_MODULE03\PDC03_MODULE03.csproj", "{6C90F77F-82FC-4CF7-A9DB-BFFE6F40D885}"
EndProject
Global
	GlobalSection(SolutionConfigurationPlatforms) = preSolution
		Debug|Any CPU = Debug|Any CPU
		Release|Any CPU = Release|Any CPU
	EndGlobalSection
	GlobalSection(ProjectConfigurationPlatforms) = postSolution
		{66CE2297-3122-406B-8D57-01A10D955F56}.Debug|Any CPU.ActiveCfg = Debug|Any CPU
		{66CE2297-3122-406B-8D57-01A10D955F56}.Debug|Any CPU.Build.0 = Debug|Any CPU
		{66CE2297-3122-406B-8D57-01A10D955F56}.Debug|Any CPU.Deploy.0 = Debug|Any CPU
		{66CE2297-3122-406B-8D57-01A10D955F56}.Release|Any CPU.ActiveCfg = Release|Any CPU
		{66CE2297-3122-406B-8D57-01A10D955F56}.Release|Any CPU.Build.0 = Release|Any CPU
		{66CE2297-3122-406B-8D57-01A10D955F56}.Release|Any CPU.Deploy.0 = Release|Any CPU
		{6C90F77F-82FC-4CF7-A9DB-BFFE6F40D885}.Debug|Any CPU.ActiveCfg = Debug|Any CPU
		{6C90F77F-82FC-4CF7-A9DB-BFFE6F40D885}.Debug|Any CPU.Build.0 = Debug|Any CPU
		{6C90F77F-82FC-4CF7-A9DB-BFFE6F40D885}.Debug|Any CPU.Deploy.0 = Debug|Any CPU
		{6C90F77F-82FC-4CF7-A9DB-BFFE6F40D885}.Release|Any CPU.ActiveCfg = Release|Any CPU
		{6C90F77F-82FC-4CF7-A9DB-BFFE6F40D885}.Release|Any CPU.Build.0 = Release|Any CPU
		{6C90F77F-82FC-4CF7-A9DB-BFFE6F40D885}.Release|Any CPU.Deploy.0 = Release|Any CPU
	EndGlobalSection
	GlobalSection(SolutionProperties) = preSolution
		HideSolutionNode = FALSE
	EndGlobalSection
	GlobalSection(ExtensibilityGlobals) = postSolution
		SolutionGuid = {E70277D2-CD89-4C1D-99EA-DF26B74ACB0E}
	EndGlobalSection
EndGlobal
